{
    "name": "task1",
    "version": "0.1.0",
    "lockfileVersion": 3,
    "requires": true,
    "packages": {
      "": {
        "name": "task1",
        "version": "0.1.0",
        "dependencies": {
          "@testing-library/jest-dom": "^5.16.5",
          "@testing-library/react": "^13.4.0",
          "@testing-library/user-event": "^13.5.0",
          "react": "^18.2.0",
          "react-dom": "^18.2.0",
          "react-scripts": "5.0.1",
          "sass": "^1.63.3",
          "web-vitals": "^2.1.4"
        }
      },
      "node_modules/@adobe/css-tools": {
        "version": "4.2.0",
        "resolved": "https://registry.npmjs.org/@adobe/css-tools/-/css-tools-4.2.0.tgz",
        "integrity": "sha512-E09FiIft46CmH5Qnjb0wsW54/YQd69LsxeKUOWawmws1XWvyFGURnAChH0mlr7YPFR1ofwvUQfcL0J3lMxXqPA=="
      },
      "node_modules/@alloc/quick-lru": {
        "version": "5.2.0",
        "resolved": "https://registry.npmjs.org/@alloc/quick-lru/-/quick-lru-5.2.0.tgz",
        "integrity": "sha512-UrcABB+4bUrFABwbluTIBErXwvbsU/V7TZWfmbgJfbkwiBuziS9gxdODUyuiecfdGQ85jglMW6juS3+z5TsKLw==",
        "engines": {
          "node": ">=10"
        },
        "funding": {
          "url": "https://github.com/sponsors/sindresorhus"
        }
      },
      "node_modules/@ampproject/remapping": {
        "version": "2.2.1",
        "resolved": "https://registry.npmjs.org/@ampproject/remapping/-/remapping-2.2.1.tgz",
        "integrity": "sha512-lFMjJTrFL3j7L9yBxwYfCq2k6qqwHyzuUl/XBnif78PWTJYyL/dfowQHWE3sp6U6ZzqWiiIZnpTMO96zhkjwtg==",
        "dependencies": {
          "@jridgewell/gen-mapping": "^0.3.0",
          "@jridgewell/trace-mapping": "^0.3.9"
        },
        "engines": {
          "node": ">=6.0.0"
        }
      },
      "node_modules/@babel/code-frame": {
        "version": "7.22.5",
        "resolved": "https://registry.npmjs.org/@babel/code-frame/-/code-frame-7.22.5.tgz",
        "integrity": "sha512-Xmwn266vad+6DAqEB2A6V/CcZVp62BbwVmcOJc2RPuwih1kw02TjQvWVWlcKGbBPd+8/0V5DEkOcizRGYsspYQ==",
        "dependencies": {
          "@babel/highlight": "^7.22.5"
        },
        "engines": {
          "node": ">=6.9.0"
        }
      },
      "node_modules/@babel/compat-data": {
        "version": "7.22.5",
        "resolved": "https://registry.npmjs.org/@babel/compat-data/-/compat-data-7.22.5.tgz",
        "integrity": "sha512-4Jc/YuIaYqKnDDz892kPIledykKg12Aw1PYX5i/TY28anJtacvM1Rrr8wbieB9GfEJwlzqT0hUEao0CxEebiDA==",
        "engines": {
          "node": ">=6.9.0"
        }
      },
      "node_modules/@babel/core": {
        "version": "7.22.5",
        "resolved": "https://registry.npmjs.org/@babel/core/-/core-7.22.5.tgz",
        "integrity": "sha512-SBuTAjg91A3eKOvD+bPEz3LlhHZRNu1nFOVts9lzDJTXshHTjII0BAtDS3Y2DAkdZdDKWVZGVwkDfc4Clxn1dg==",
        "dependencies": {
          "@ampproject/remapping": "^2.2.0",
          "@babel/code-frame": "^7.22.5",
          "@babel/generator": "^7.22.5",
          "find-up": "^4.1.0",
          "get-package-type": "^0.1.0",
          "js-yaml": "^3.13.1",
          "resolve-from": "^5.0.0"
        },
        "engines": {
          "node": ">=8"
        }
      },
      "node_modules/@istanbuljs/load-nyc-config/node_modules/camelcase": {
        "version": "5.3.1",
        "resolved": "https://registry.npmjs.org/camelcase/-/camelcase-5.3.1.tgz",
        "integrity": "sha512-L28STB170nwWS63UjtlEOE3dldQApaJXZkOI1uMFfzf3rRuPegHaHesyee+YxQ+W6SvRDQV6UrdOdRiR153wJg==",
        "engines": {
          "node": ">=6"
        }
      },
      "node_modules/@istanbuljs/load-nyc-config/node_modules/find-up": {
        "version": "4.1.0",
        "resolved": "https://registry.npmjs.org/find-up/-/find-up-4.1.0.tgz",
        "integrity": "sha512-PpOwAdQ/YlXQ2vj8a3h8IipDuYRi3wceVQQGYWxNINccq40Anw7BlsEXCMbt1Zt+OLA6Fq9suIpIWD0OsnISlw==",
        "dependencies": {
          "locate-path": "^5.0.0",
          "path-exists": "^4.0.0"
        },
        "engines": {
          "node": ">=8"
        }
      },
      "node_modules/@istanbuljs/load-nyc-config/node_modules/locate-path": {
        "version": "5.0.0",
        "resolved": "https://registry.npmjs.org/locate-path/-/locate-path-5.0.0.tgz",
        "integrity": "sha512-t7hw9pI+WvuwNJXwk5zVHpyhIqzg2qTlklJOf0mVxGSbe3Fp2VieZcduNYjaLDoy6p9uGpQEGWG87WpMKlNq8g==",
        "dependencies": {
          "p-locate": "^4.1.0"
        },
        "engines": {
          "node": ">=8"
        }
      },
      "node_modules/@istanbuljs/load-nyc-config/node_modules/p-limit": {
        "version": "2.3.0",
        "resolved": "https://registry.npmjs.org/p-limit/-/p-limit-2.3.0.tgz",
        "integrity": "sha512-//88mFWSJx8lxCzwdAABTJL2MyWB12+eIY7MDL2SqLmAkeKU9qxRvWuSyTjm3FUmpBEMuFfckAIqEaVGUDxb6w==",
        "dependencies": {
          "p-try": "^2.0.0"
        },
        "engines": {
          "node": ">=6"
        },
        "funding": {
          "url": "https://github.com/sponsors/sindresorhus"
        }
      },
      "node_modules/@istanbuljs/load-nyc-config/node_modules/p-locate": {
        "version": "4.1.0",
        "resolved": "https://registry.npmjs.org/p-locate/-/p-locate-4.1.0.tgz",
        "integrity": "sha512-R79ZZ/0wAxKGu3oYMlz8jy/kbhsNrS7SKZ7PxEHBgJ5+F2mtFW2fK2cOtBh1cHYkQsbzFV7I+EoRKe6Yt0oK7A==",
        "dependencies": {
          "p-limit": "^2.2.0"
        },
        "engines": {
          "node": ">=8"
        }
      },
      "node_modules/@istanbuljs/schema": {
        "version": "0.1.3",
        "resolved": "https://registry.npmjs.org/@istanbuljs/schema/-/schema-0.1.3.tgz",
        "integrity": "sha512-ZXRY4jNvVgSVQ8DL3LTcakaAtXwTVUxE81hslsyD2AtoXW/wVob10HkOJ1X/pAlcI7D+2YoZKg5do8G/w6RYgA==",
        "engines": {
          "node": ">=8"
        }
      },
      "node_modules/@jest/console": {
        "version": "27.5.1",
        "resolved": "https://registry.npmjs.org/@jest/console/-/console-27.5.1.tgz",
        "integrity": "sha512-kZ/tNpS3NXn0mlXXXPNuDZnb4c0oZ20r4K5eemM2k30ZC3G0T02nXUvyhf5YdbXWHPEJLc9qGLxEZ216MdL+Zg==",
        "dependencies": {
          "@jest/types": "^27.5.1",
          "@types/node": "*",
          "chalk": "^4.0.0",
          "jest-message-util": "^27.5.1",
          "jest-util": "^27.5.1",
          "slash": "^3.0.0"
        },
        "engines": {
          "node": "^10.13.0 || ^12.13.0 || ^14.15.0 || >=15.0.0"
        }
      },
      "node_modules/@jest/console/node_modules/ansi-styles": {
        "version": "4.3.0",
        "resolved": "https://registry.npmjs.org/ansi-styles/-/ansi-styles-4.3.0.tgz",
        "integrity": "sha512-zbB9rCJAT1rbjiVDb2hqKFHNYLxgtk8NURxZ3IZwD3F6NtxbXZQCnnSi1Lkx+IDohdPlFp222wVALIheZJQSEg==",
        "dependencies": {
          "color-convert": "^2.0.1"
        },
        "engines": {
          "node": ">=8"
        },
        "funding": {
          "url": "https://github.com/chalk/ansi-styles?sponsor=1"
        }
      },
      "node_modules/@jest/console/node_modules/chalk": {
        "version": "4.1.2",
        "resolved": "https://registry.npmjs.org/chalk/-/chalk-4.1.2.tgz",
        "integrity": "sha512-oKnbhFyRIXpUuez8iBMmyEa4nbj4IOQyuhc/wy9kY7/WVPcwIO9VA668Pu8RkO7+0G76SLROeyw9CpQ061i4mA==",
        "dependencies": {
          "ansi-styles": "^4.1.0",
          "supports-color": "^7.1.0"
        },
        "engines": {
          "node": ">=10"
        },
        "funding": {
          "url": "https://github.com/chalk/chalk?sponsor=1"
        }
      },
      "node_modules/@jest/console/node_modules/color-convert": {
        "version": "2.0.1",
        "resolved": "https://registry.npmjs.org/color-convert/-/color-convert-2.0.1.tgz",
        "integrity": "sha512-RRECPsj7iu/xb5oKYcsFHSppFNnsj/52OVTRKb4zP5onXwVF3zVmmToNcOfGC+CRDpfK/U584fMg38ZHCaElKQ==",
        "dependencies": {
          "color-name": "~1.1.4"
        },
        "engines": {
          "node": ">=7.0.0"
        }
      },
      "node_modules/@jest/console/node_modules/color-name": {
        "version": "1.1.4",
        "resolved": "https://registry.npmjs.org/color-name/-/color-name-1.1.4.tgz",
        "integrity": "sha512-dOy+3AuW3a2wNbZHIuMZpTcgjGuLU/uBL/ubcZF9OXbDo8ff4O8yVp5Bf0efS8uEoYo5q4Fx7dY9OgQGXgAsQA=="
      },
      "node_modules/@jest/console/node_modules/has-flag": {
        "version": "4.0.0",
        "resolved": "https://registry.npmjs.org/has-flag/-/has-flag-4.0.0.tgz",
        "integrity": "sha512-EykJT/Q1KjTWctppgIAgfSO0tKVuZUjhgMr17kqTumMl6Afv3EISleU7qZUzoXDFTAHTDC4NOoG/ZxU3EvlMPQ==",
        "integrity": "sha512-wR8igaZROA6Z4pv0d+bvVrvGY4GVHihBCBQieXFY3kuSuMyOmEnnfFzHl/tQuqHZkfkIVBEbDvYcFfHmpSet9g==",
        "dependencies": {
          "postcss-value-parser": "^4.2.0"
        },
        "engines": {
          "node": "^12 || ^14 || >=16"
        },
        "funding": {
          "type": "opencollective",
          "url": "https://opencollective.com/csstools"
        },
        "peerDependencies": {
          "postcss": "^8.2"
        }
      },
      "node_modules/postcss-preset-env": {
        "version": "7.8.3",
        "resolved": "https://registry.npmjs.org/postcss-preset-env/-/postcss-preset-env-7.8.3.tgz",
        "integrity": "sha512-T1LgRm5uEVFSEF83vHZJV2z19lHg4yJuZ6gXZZkqVsqv63nlr6zabMH3l4Pc01FQCyfWVrh2GaUeCVy9Po+Aag==",
        "dependencies": {
          "@csstools/postcss-cascade-layers": "^1.1.1",
          "@csstools/postcss-color-function": "^1.1.1",
          "@csstools/postcss-font-format-keywords": "^1.0.1",
          "@csstools/postcss-hwb-function": "^1.0.2",
          "@csstools/postcss-ic-unit": "^1.0.1",
          "@csstools/postcss-is-pseudo-class": "^2.0.7",
          "@csstools/postcss-nested-calc": "^1.0.0",
          "@csstools/postcss-normalize-display-values": "^1.0.1",
          "@csstools/postcss-oklab-function": "^1.1.1",
          "@csstools/postcss-progressive-custom-properties": "^1.3.0",
          "@csstools/postcss-stepped-value-functions": "^1.0.1",
          "@csstools/postcss-text-decoration-shorthand": "^1.0.0",
          "@csstools/postcss-trigonometric-functions": "^1.0.2",
          "@csstools/postcss-unset-value": "^1.0.2",
          "autoprefixer": "^10.4.13",
          "browserslist": "^4.21.4",
          "css-blank-pseudo": "^3.0.3",
          "css-has-pseudo": "^3.0.4",
          "css-prefers-color-scheme": "^6.0.3",
          "cssdb": "^7.1.0",
          "postcss-attribute-case-insensitive": "^5.0.2",
          "postcss-clamp": "^4.1.0",
          "postcss-color-functional-notation": "^4.2.4",
          "postcss-color-hex-alpha": "^8.0.4",
          "postcss-color-rebeccapurple": "^7.1.1",
          "postcss-custom-media": "^8.0.2",
          "postcss-custom-properties": "^12.1.10",
          "postcss-custom-selectors": "^6.0.3",
          "postcss-dir-pseudo-class": "^6.0.5",
          "postcss-double-position-gradients": "^3.1.2",
          "postcss-env-function": "^4.0.6",
          "postcss-focus-visible": "^6.0.4",
          "postcss-focus-within": "^5.0.4",
          "postcss-font-variant": "^5.0.0",
          "postcss-gap-properties": "^3.0.5",
          "postcss-image-set-function": "^4.0.7",
          "postcss-initial": "^4.0.1",
          "postcss-lab-function": "^4.2.1",
          "postcss-logical": "^5.0.4",
          "postcss-media-minmax": "^5.0.0",
          "postcss-nesting": "^10.2.0",
          "postcss-opacity-percentage": "^1.1.2",
          "postcss-overflow-shorthand": "^3.0.4",
          "postcss-page-break": "^3.0.4",
          "postcss-place": "^7.0.5",
          "postcss-pseudo-class-any-link": "^7.1.6",
          "postcss-replace-overflow-wrap": "^4.0.0",
          "postcss-selector-not": "^6.0.1",
          "postcss-value-parser": "^4.2.0"
        },
        "engines": {
          "node": "^12 || ^14 || >=16"
        },
        "funding": {
          "type": "opencollective",
          "url": "https://opencollective.com/csstools"
        },
        "peerDependencies": {
          "postcss": "^8.2"
        }
      },
      "node_modules/postcss-pseudo-class-any-link": {
        "version": "7.1.6",
        "resolved": "https://registry.npmjs.org/postcss-pseudo-class-any-link/-/postcss-pseudo-class-any-link-7.1.6.tgz",
        "integrity": "sha512-9sCtZkO6f/5ML9WcTLcIyV1yz9D1rf0tWc+ulKcvV30s0iZKS/ONyETvoWsr6vnrmW+X+KmuK3gV/w5EWnT37w==",
        "dependencies": {
          "postcss-selector-parser": "^6.0.10"
        },
        "engines": {
          "node": "^12 || ^14 || >=16"
        },
        "funding": {
          "type": "opencollective",
          "url": "https://opencollective.com/csstools"
        },
        "peerDependencies": {
          "postcss": "^8.2"
        }
      },
      "node_modules/postcss-reduce-initial": {
        "version": "5.1.2",
        "resolved": "https://registry.npmjs.org/postcss-reduce-initial/-/postcss-reduce-initial-5.1.2.tgz",
        "integrity": "sha512-dE/y2XRaqAi6OvjzD22pjTUQ8eOfc6m/natGHgKFBK9DxFmIm69YmaRVQrGgFlEfc1HePIurY0TmDeROK05rIg==",
        "dependencies": {
          "browserslist": "^4.21.4",
          "caniuse-api": "^3.0.0"
        },
        "engines": {
          "node": "^10 || ^12 || >=14.0"
        },
        "peerDependencies": {
          "postcss": "^8.2.15"
        }
      },
      "node_modules/postcss-reduce-transforms": {
        "version": "5.1.0",
        "resolved": "https://registry.npmjs.org/postcss-reduce-transforms/-/postcss-reduce-transforms-5.1.0.tgz",
        "integrity": "sha512-2fbdbmgir5AvpW9RLtdONx1QoYG2/EtqpNQbFASDlixBbAYuTcJ0dECwlqNqH7VbaUnEnh8SrxOe2sRIn24XyQ==",
        "dependencies": {
          "postcss-value-parser": "^4.2.0"
        },
        "engines": {
          "node": "^10 || ^12 || >=14.0"
        },
        "peerDependencies": {
          "postcss": "^8.2.15"
        }
      },
      "node_modules/postcss-replace-overflow-wrap": {
        "version": "4.0.0",
        "resolved": "https://registry.npmjs.org/postcss-replace-overflow-wrap/-/postcss-replace-overflow-wrap-4.0.0.tgz",
        "integrity": "sha512-KmF7SBPphT4gPPcKZc7aDkweHiKEEO8cla/GjcBK+ckKxiZslIu3C4GCRW3DNfL0o7yW7kMQu9xlZ1kXRXLXtw==",
        "peerDependencies": {
          "postcss": "^8.0.3"
        }
      },
      "node_modules/postcss-selector-not": {
        "version": "6.0.1",
        "resolved": "https://registry.npmjs.org/postcss-selector-not/-/postcss-selector-not-6.0.1.tgz",
    }
},
"node_modules/wrap-ansi/node_modules/ansi-styles": {
  "version": "4.3.0",
  "resolved": "https://registry.npmjs.org/ansi-styles/-/ansi-styles-4.3.0.tgz",
  "integrity": "sha512-zbB9rCJAT1rbjiVDb2hqKFHNYLxgtk8NURxZ3IZwD3F6NtxbXZQCnnSi1Lkx+IDohdPlFp222wVALIheZJQSEg==",
  "dependencies": {
    "color-convert": "^2.0.1"
  },
  "engines": {
    "node": ">=8"
  },
  "funding": {
    "url": "https://github.com/chalk/ansi-styles?sponsor=1"
  }
},
"node_modules/wrap-ansi/node_modules/color-convert": {
  "version": "2.0.1",
  "resolved": "https://registry.npmjs.org/color-convert/-/color-convert-2.0.1.tgz",
  "integrity": "sha512-RRECPsj7iu/xb5oKYcsFHSppFNnsj/52OVTRKb4zP5onXwVF3zVmmToNcOfGC+CRDpfK/U584fMg38ZHCaElKQ==",
  "dependencies": {
    "color-name": "~1.1.4"
  },
  "engines": {
    "node": ">=7.0.0"
  }
},
"node_modules/wrap-ansi/node_modules/color-name": {
  "version": "1.1.4",
  "resolved": "https://registry.npmjs.org/color-name/-/color-name-1.1.4.tgz",
  "integrity": "sha512-dOy+3AuW3a2wNbZHIuMZpTcgjGuLU/uBL/ubcZF9OXbDo8ff4O8yVp5Bf0efS8uEoYo5q4Fx7dY9OgQGXgAsQA=="
},
"node_modules/wrappy": {
  "version": "1.0.2",
  "resolved": "https://registry.npmjs.org/wrappy/-/wrappy-1.0.2.tgz",
  "integrity": "sha512-l4Sp/DRseor9wL6EvV2+TuQn63dMkPjZ/sp9XkghTEbV9KlPS1xUsZ3u7/IQO4wxtcFB4bgpQPRcR3QCvezPcQ=="
},
"node_modules/write-file-atomic": {
  "version": "3.0.3",
  "resolved": "https://registry.npmjs.org/write-file-atomic/-/write-file-atomic-3.0.3.tgz",
  "integrity": "sha512-AvHcyZ5JnSfq3ioSyjrBkH9yW4m7Ayk8/9My/DD9onKeu/94fwrMocemO2QAJFAlnnDN+ZDS+ZjAR5ua1/PV/Q==",
  "dependencies": {
    "imurmurhash": "^0.1.4",
    "is-typedarray": "^1.0.0",
    "signal-exit": "^3.0.2",
    "typedarray-to-buffer": "^3.1.5"
  }
},
"node_modules/ws": {
  "version": "7.5.9",
  "resolved": "https://registry.npmjs.org/ws/-/ws-7.5.9.tgz",
  "integrity": "sha512-F+P9Jil7UiSKSkppIiD94dN07AwvFixvLIj1Og1Rl9GGMuNipJnV9JzjD6XuqmAeiswGvUmNLjr5cFuXwNS77Q==",
  "engines": {
    "node": ">=8.3.0"
  },
  "peerDependencies": {
    "bufferutil": "^4.0.1",
    "utf-8-validate": "^5.0.2"
  },
  "peerDependenciesMeta": {
    "bufferutil": {
      "optional": true
    },
    "utf-8-validate": {
      "optional": true
    }
  }
},
"node_modules/xml-name-validator": {
  "version": "3.0.0",
  "resolved": "https://registry.npmjs.org/xml-name-validator/-/xml-name-validator-3.0.0.tgz",
  "integrity": "sha512-A5CUptxDsvxKJEU3yO6DuWBSJz/qizqzJKOMIfUJHETbBw/sFaDxgd6fxm1ewUaM0jZ444Fc5vC5ROYurg/4Pw=="
},
"node_modules/xmlchars": {
  "version": "2.2.0",
  "resolved": "https://registry.npmjs.org/xmlchars/-/xmlchars-2.2.0.tgz",
  "integrity": "sha512-JZnDKK8B0RCDw84FNdDAIpZK+JuJw+s7Lz8nksI7SIuU3UXJJslUthsi+uWBUYOwPFwW7W7PRLRfUKpxjtjFCw=="
},
"node_modules/y18n": {
  "version": "5.0.8",
  "resolved": "https://registry.npmjs.org/y18n/-/y18n-5.0.8.tgz",
  "integrity": "sha512-0pfFzegeDWJHJIAmTLRP2DwHjdF5s7jo9tuztdQxAhINCdvS+3nGINqPd00AphqJR/0LhANUS6/+7SCb98YOfA==",
  "engines": {
    "node": ">=10"
  }
},
"node_modules/yallist": {
  "version": "3.1.1",
  "resolved": "https://registry.npmjs.org/yallist/-/yallist-3.1.1.tgz",
  "integrity": "sha512-a4UGQaWPH59mOXUYnAG2ewncQS4i4F43Tv3JoAM+s2VDAmS9NsK8GpDMLrCHPksFT7h3K6TOoUNn2pb7RoXx4g=="
},
"node_modules/yaml": {
  "version": "1.10.2",
  "resolved": "https://registry.npmjs.org/yaml/-/yaml-1.10.2.tgz",
  "integrity": "sha512-r3vXyErRCYJ7wg28yvBY5VSoAF8ZvlcW9/BwUzEtUsjvX/DKs24dIkuwjtuprwJJHsbyUbLApepYTR1BN4uHrg==",
  "engines": {
    "node": ">= 6"
  }
},
"node_modules/yargs": {
  "version": "16.2.0",
  "resolved": "https://registry.npmjs.org/yargs/-/yargs-16.2.0.tgz",
  "integrity": "sha512-D1mvvtDG0L5ft/jGWkLpG1+m0eQxOfaBvTNELraWj22wSVUMWxZUvYgJYcKh6jGGIkJFhH4IZPQhR4TKpc8mBw==",
  "dependencies": {
    "cliui": "^7.0.2",
    "escalade": "^3.1.1",
    "get-caller-file": "^2.0.5",
    "require-directory": "^2.1.1",
    "string-width": "^4.2.0",
    "y18n": "^5.0.5",
    "yargs-parser": "^20.2.2"
  },
  "engines": {
    "node": ">=10"
  }
},
"node_modules/yargs-parser": {
  "version": "20.2.9",
  "resolved": "https://registry.npmjs.org/yargs-parser/-/yargs-parser-20.2.9.tgz",
  "integrity": "sha512-y11nGElTIV+CT3Zv9t7VKl+Q3hTQoT9a1Qzezhhl6Rp21gJ/IVTW7Z3y9EWXhuUBC2Shnf+DX0antecpAwSP8w==",
  "engines": {
    "node": ">=10"
  }
},
"node_modules/yocto-queue": {
  "version": "0.1.0",
  "resolved": "https://registry.npmjs.org/yocto-queue/-/yocto-queue-0.1.0.tgz",
  "integrity": "sha512-rVksvsnNCdJ/ohGc6xgPwyN8eheCxsiLM8mxuE/t/mOVqJewPuO1miLpTHQiRgTKCLexL4MeAFVagts7HmNZ2Q==",
  "engines": {
    "node": ">=10"
  },
  "funding": {
    "url": "https://github.com/sponsors/sindresorhus"
  }
}
}
}